
Microsoft Visual Studio Solution File, Format Version 12.00
# Visual Studio Version 17
VisualStudioVersion = 17.0.31919.166
MinimumVisualStudioVersion = 10.0.40219.1
Project("{2150E333-8FDC-42A3-9474-1A3956D46DE8}") = "Src", "Src", "{E7C47C72-DCB9-4190-BBC4-EFA97E0703C3}"
EndProject
Project("{9A19103F-16F7-4668-BE54-9A1E7A4F7556}") = "Vacant.Domain", "Vacant.Domain\Vacant.Domain.csproj", "{87C66804-0471-4A4D-B306-A2777B9FA139}"
EndProject
Project("{2150E333-8FDC-42A3-9474-1A3956D46DE8}") = "EventBus", "EventBus", "{7CB742EF-4068-4C4B-85DC-085DE882051E}"
EndProject
Project("{9A19103F-16F7-4668-BE54-9A1E7A4F7556}") = "Vacant.EventBus", "Vacant.EventBus\Vacant.EventBus.csproj", "{0803D14A-A5D0-40FD-BC2A-9016B25CCA55}"
EndProject
Project("{9A19103F-16F7-4668-BE54-9A1E7A4F7556}") = "Vacant.EventBusRabbitMQ", "Vacant.EventBusRabbitMQ\Vacant.EventBusRabbitMQ.csproj", "{8BC04AB5-4E8D-4DC5-B2C8-A417BF743800}"
EndProject
Project("{9A19103F-16F7-4668-BE54-9A1E7A4F7556}") = "Vacant.EventBusServiceBus", "Vacant.EventBusServiceBus\Vacant.EventBusServiceBus.csproj", "{F6E1706A-1FE0-4002-AEA1-5DB6410CA130}"
EndProject
Project("{9A19103F-16F7-4668-BE54-9A1E7A4F7556}") = "Vacant.IntegrationEventLogEF", "Vacant.IntegrationEventLogEF\Vacant.IntegrationEventLogEF.csproj", "{D2FF68AD-0D0F-442B-83C6-CAC8E66C5D97}"
EndProject
Project("{9A19103F-16F7-4668-BE54-9A1E7A4F7556}") = "Vacant.Redis", "Vacant.Redis\Vacant.Redis.csproj", "{1FEA7B9C-DB43-440F-9489-79524B60CC24}"
EndProject
Project("{9A19103F-16F7-4668-BE54-9A1E7A4F7556}") = "Vacant.Applications", "Vacant.Applications\Vacant.Applications.csproj", "{779D3C11-56F6-4DB6-8BAF-BBE90B20BBBF}"
EndProject
Project("{9A19103F-16F7-4668-BE54-9A1E7A4F7556}") = "Vacant.WebApi", "Vacant.WebApi\Vacant.WebApi.csproj", "{1958FFE3-C8F0-487B-8312-4D42142EE1CA}"
EndProject
Project("{9A19103F-16F7-4668-BE54-9A1E7A4F7556}") = "Vacant.WebMvc", "Vacant.WebMvc\Vacant.WebMvc.csproj", "{CB955E33-42F1-4D4B-9E07-92F33C27B854}"
EndProject
Project("{9A19103F-16F7-4668-BE54-9A1E7A4F7556}") = "Vacant.Infrustructure", "Vacant.Infrustructure\Vacant.Infrustructure.csproj", "{81BE3DE5-CE1B-4375-ACA3-953C45D19896}"
EndProject
Project("{9A19103F-16F7-4668-BE54-9A1E7A4F7556}") = "Vacant.Model", "Vacant.Model\Vacant.Model.csproj", "{015A7508-5670-4CCC-8469-62D00EFAB7E1}"
EndProject
Project("{2150E333-8FDC-42A3-9474-1A3956D46DE8}") = "tests", "tests", "{0B15AAC8-1828-46AF-B714-9DC97FCB52A2}"
EndProject
Project("{9A19103F-16F7-4668-BE54-9A1E7A4F7556}") = "EventBus.Tests", "EventBus.Tests\EventBus.Tests.csproj", "{312CC2EE-0024-4019-A8DD-2CB85F406497}"
EndProject
Project("{2150E333-8FDC-42A3-9474-1A3956D46DE8}") = "Tests", "Tests", "{5C4FDAF1-AD9C-49C4-AC14-92F0D6861852}"
EndProject
Project("{9A19103F-16F7-4668-BE54-9A1E7A4F7556}") = "EventBusWebTest", "EventBusWebTest\EventBusWebTest.csproj", "{A5454419-FAD9-4015-BF43-E810DB13CFEE}"
EndProject
Project("{9A19103F-16F7-4668-BE54-9A1E7A4F7556}") = "RedisTest", "RedisTest\RedisTest.csproj", "{F293058B-C248-4729-8FEC-A54128D9DAF7}"
EndProject
Project("{9A19103F-16F7-4668-BE54-9A1E7A4F7556}") = "EfCoreTest", "EfCoreTest\EfCoreTest.csproj", "{C9AFD4C7-10FE-4B99-8326-D7C71A33735C}"
EndProject
Project("{9A19103F-16F7-4668-BE54-9A1E7A4F7556}") = "Vacant.EntityFrameworkCore", "Vacant.EntityFrameworkCore\Vacant.EntityFrameworkCore.csproj", "{B7EB3979-AF85-42DC-A75A-E3A5EF0E39E2}"
EndProject
Project("{9A19103F-16F7-4668-BE54-9A1E7A4F7556}") = "Vacant.EntityFrameworkCore.Sharding", "Vacant.EntityFrameworkCore.Sharding\Vacant.EntityFrameworkCore.Sharding.csproj", "{DACF8D8A-BFB2-4B6D-991F-8A93A58E9DEF}"
EndProject
Project("{FAE04EC0-301F-11D3-BF4B-00C04F79EFBC}") = "Vacant.TimedTask", "Vacant.TimedTask\Vacant.TimedTask.csproj", "{E74A8BEE-8FDE-47AA-AA8F-836DA866DA9C}"
EndProject
Global
	GlobalSection(SolutionConfigurationPlatforms) = preSolution
		Debug|Any CPU = Debug|Any CPU
		Release|Any CPU = Release|Any CPU
	EndGlobalSection
	GlobalSection(ProjectConfigurationPlatforms) = postSolution
		{87C66804-0471-4A4D-B306-A2777B9FA139}.Debug|Any CPU.ActiveCfg = Debug|Any CPU
		{87C66804-0471-4A4D-B306-A2777B9FA139}.Debug|Any CPU.Build.0 = Debug|Any CPU
		{87C66804-0471-4A4D-B306-A2777B9FA139}.Release|Any CPU.ActiveCfg = Release|Any CPU
		{87C66804-0471-4A4D-B306-A2777B9FA139}.Release|Any CPU.Build.0 = Release|Any CPU
		{0803D14A-A5D0-40FD-BC2A-9016B25CCA55}.Debug|Any CPU.ActiveCfg = Debug|Any CPU
		{0803D14A-A5D0-40FD-BC2A-9016B25CCA55}.Debug|Any CPU.Build.0 = Debug|Any CPU
		{0803D14A-A5D0-40FD-BC2A-9016B25CCA55}.Release|Any CPU.ActiveCfg = Release|Any CPU
		{0803D14A-A5D0-40FD-BC2A-9016B25CCA55}.Release|Any CPU.Build.0 = Release|Any CPU
		{8BC04AB5-4E8D-4DC5-B2C8-A417BF743800}.Debug|Any CPU.ActiveCfg = Debug|Any CPU
		{8BC04AB5-4E8D-4DC5-B2C8-A417BF743800}.Debug|Any CPU.Build.0 = Debug|Any CPU
		{8BC04AB5-4E8D-4DC5-B2C8-A417BF743800}.Release|Any CPU.ActiveCfg = Release|Any CPU
		{8BC04AB5-4E8D-4DC5-B2C8-A417BF743800}.Release|Any CPU.Build.0 = Release|Any CPU
		{F6E1706A-1FE0-4002-AEA1-5DB6410CA130}.Debug|Any CPU.ActiveCfg = Debug|Any CPU
		{F6E1706A-1FE0-4002-AEA1-5DB6410CA130}.Debug|Any CPU.Build.0 = Debug|Any CPU
		{F6E1706A-1FE0-4002-AEA1-5DB6410CA130}.Release|Any CPU.ActiveCfg = Release|Any CPU
		{F6E1706A-1FE0-4002-AEA1-5DB6410CA130}.Release|Any CPU.Build.0 = Release|Any CPU
		{D2FF68AD-0D0F-442B-83C6-CAC8E66C5D97}.Debug|Any CPU.ActiveCfg = Debug|Any CPU
		{D2FF68AD-0D0F-442B-83C6-CAC8E66C5D97}.Debug|Any CPU.Build.0 = Debug|Any CPU
		{D2FF68AD-0D0F-442B-83C6-CAC8E66C5D97}.Release|Any CPU.ActiveCfg = Release|Any CPU
		{D2FF68AD-0D0F-442B-83C6-CAC8E66C5D97}.Release|Any CPU.Build.0 = Release|Any CPU
		{1FEA7B9C-DB43-440F-9489-79524B60CC24}.Debug|Any CPU.ActiveCfg = Debug|Any CPU
		{1FEA7B9C-DB43-440F-9489-79524B60CC24}.Debug|Any CPU.Build.0 = Debug|Any CPU
		{1FEA7B9C-DB43-440F-9489-79524B60CC24}.Release|Any CPU.ActiveCfg = Release|Any CPU
		{1FEA7B9C-DB43-440F-9489-79524B60CC24}.Release|Any CPU.Build.0 = Release|Any CPU
		{779D3C11-56F6-4DB6-8BAF-BBE90B20BBBF}.Debug|Any CPU.ActiveCfg = Debug|Any CPU
		{779D3C11-56F6-4DB6-8BAF-BBE90B20BBBF}.Debug|Any CPU.Build.0 = Debug|Any CPU
		{779D3C11-56F6-4DB6-8BAF-BBE90B20BBBF}.Release|Any CPU.ActiveCfg = Release|Any CPU
		{779D3C11-56F6-4DB6-8BAF-BBE90B20BBBF}.Release|Any CPU.Build.0 = Release|Any CPU
		{1958FFE3-C8F0-487B-8312-4D42142EE1CA}.Debug|Any CPU.ActiveCfg = Debug|Any CPU
		{1958FFE3-C8F0-487B-8312-4D42142EE1CA}.Debug|Any CPU.Build.0 = Debug|Any CPU
		{1958FFE3-C8F0-487B-8312-4D42142EE1CA}.Release|Any CPU.ActiveCfg = Release|Any CPU
		{1958FFE3-C8F0-487B-8312-4D42142EE1CA}.Release|Any CPU.Build.0 = Release|Any CPU
		{CB955E33-42F1-4D4B-9E07-92F33C27B854}.Debug|Any CPU.ActiveCfg = Debug|Any CPU
		{CB955E33-42F1-4D4B-9E07-92F33C27B854}.Debug|Any CPU.Build.0 = Debug|Any CPU
		{CB955E33-42F1-4D4B-9E07-92F33C27B854}.Release|Any CPU.ActiveCfg = Release|Any CPU
		{CB955E33-42F1-4D4B-9E07-92F33C27B854}.Release|Any CPU.Build.0 = Release|Any CPU
		{81BE3DE5-CE1B-4375-ACA3-953C45D19896}.Debug|Any CPU.ActiveCfg = Debug|Any CPU
		{81BE3DE5-CE1B-4375-ACA3-953C45D19896}.Debug|Any CPU.Build.0 = Debug|Any CPU
		{81BE3DE5-CE1B-4375-ACA3-953C45D19896}.Release|Any CPU.ActiveCfg = Release|Any CPU
		{81BE3DE5-CE1B-4375-ACA3-953C45D19896}.Release|Any CPU.Build.0 = Release|Any CPU
		{015A7508-5670-4CCC-8469-62D00EFAB7E1}.Debug|Any CPU.ActiveCfg = Debug|Any CPU
		{015A7508-5670-4CCC-8469-62D00EFAB7E1}.Debug|Any CPU.Build.0 = Debug|Any CPU
		{015A7508-5670-4CCC-8469-62D00EFAB7E1}.Release|Any CPU.ActiveCfg = Release|Any CPU
		{015A7508-5670-4CCC-8469-62D00EFAB7E1}.Release|Any CPU.Build.0 = Release|Any CPU
		{312CC2EE-0024-4019-A8DD-2CB85F406497}.Debug|Any CPU.ActiveCfg = Debug|Any CPU
		{312CC2EE-0024-4019-A8DD-2CB85F406497}.Debug|Any CPU.Build.0 = Debug|Any CPU
		{312CC2EE-0024-4019-A8DD-2CB85F406497}.Release|Any CPU.ActiveCfg = Release|Any CPU
		{312CC2EE-0024-4019-A8DD-2CB85F406497}.Release|Any CPU.Build.0 = Release|Any CPU
		{A5454419-FAD9-4015-BF43-E810DB13CFEE}.Debug|Any CPU.ActiveCfg = Debug|Any CPU
		{A5454419-FAD9-4015-BF43-E810DB13CFEE}.Debug|Any CPU.Build.0 = Debug|Any CPU
		{A5454419-FAD9-4015-BF43-E810DB13CFEE}.Release|Any CPU.ActiveCfg = Release|Any CPU
		{A5454419-FAD9-4015-BF43-E810DB13CFEE}.Release|Any CPU.Build.0 = Release|Any CPU
		{F293058B-C248-4729-8FEC-A54128D9DAF7}.Debug|Any CPU.ActiveCfg = Debug|Any CPU
		{F293058B-C248-4729-8FEC-A54128D9DAF7}.Debug|Any CPU.Build.0 = Debug|Any CPU
		{F293058B-C248-4729-8FEC-A54128D9DAF7}.Release|Any CPU.ActiveCfg = Release|Any CPU
		{F293058B-C248-4729-8FEC-A54128D9DAF7}.Release|Any CPU.Build.0 = Release|Any CPU
		{C9AFD4C7-10FE-4B99-8326-D7C71A33735C}.Debug|Any CPU.ActiveCfg = Debug|Any CPU
		{C9AFD4C7-10FE-4B99-8326-D7C71A33735C}.Debug|Any CPU.Build.0 = Debug|Any CPU
		{C9AFD4C7-10FE-4B99-8326-D7C71A33735C}.Release|Any CPU.ActiveCfg = Release|Any CPU
		{C9AFD4C7-10FE-4B99-8326-D7C71A33735C}.Release|Any CPU.Build.0 = Release|Any CPU
		{B7EB3979-AF85-42DC-A75A-E3A5EF0E39E2}.Debug|Any CPU.ActiveCfg = Debug|Any CPU
		{B7EB3979-AF85-42DC-A75A-E3A5EF0E39E2}.Debug|Any CPU.Build.0 = Debug|Any CPU
		{B7EB3979-AF85-42DC-A75A-E3A5EF0E39E2}.Release|Any CPU.ActiveCfg = Release|Any CPU
		{B7EB3979-AF85-42DC-A75A-E3A5EF0E39E2}.Release|Any CPU.Build.0 = Release|Any CPU
		{DACF8D8A-BFB2-4B6D-991F-8A93A58E9DEF}.Debug|Any CPU.ActiveCfg = Debug|Any CPU
		{DACF8D8A-BFB2-4B6D-991F-8A93A58E9DEF}.Debug|Any CPU.Build.0 = Debug|Any CPU
		{DACF8D8A-BFB2-4B6D-991F-8A93A58E9DEF}.Release|Any CPU.ActiveCfg = Release|Any CPU
		{DACF8D8A-BFB2-4B6D-991F-8A93A58E9DEF}.Release|Any CPU.Build.0 = Release|Any CPU
		{E74A8BEE-8FDE-47AA-AA8F-836DA866DA9C}.Debug|Any CPU.ActiveCfg = Debug|Any CPU
		{E74A8BEE-8FDE-47AA-AA8F-836DA866DA9C}.Debug|Any CPU.Build.0 = Debug|Any CPU
		{E74A8BEE-8FDE-47AA-AA8F-836DA866DA9C}.Release|Any CPU.ActiveCfg = Release|Any CPU
		{E74A8BEE-8FDE-47AA-AA8F-836DA866DA9C}.Release|Any CPU.Build.0 = Release|Any CPU
	EndGlobalSection
	GlobalSection(SolutionProperties) = preSolution
		HideSolutionNode = FALSE
	EndGlobalSection
	GlobalSection(NestedProjects) = preSolution
		{87C66804-0471-4A4D-B306-A2777B9FA139} = {E7C47C72-DCB9-4190-BBC4-EFA97E0703C3}
		{7CB742EF-4068-4C4B-85DC-085DE882051E} = {E7C47C72-DCB9-4190-BBC4-EFA97E0703C3}
		{0803D14A-A5D0-40FD-BC2A-9016B25CCA55} = {7CB742EF-4068-4C4B-85DC-085DE882051E}
		{8BC04AB5-4E8D-4DC5-B2C8-A417BF743800} = {7CB742EF-4068-4C4B-85DC-085DE882051E}
		{F6E1706A-1FE0-4002-AEA1-5DB6410CA130} = {7CB742EF-4068-4C4B-85DC-085DE882051E}
		{D2FF68AD-0D0F-442B-83C6-CAC8E66C5D97} = {7CB742EF-4068-4C4B-85DC-085DE882051E}
		{1FEA7B9C-DB43-440F-9489-79524B60CC24} = {E7C47C72-DCB9-4190-BBC4-EFA97E0703C3}
		{779D3C11-56F6-4DB6-8BAF-BBE90B20BBBF} = {E7C47C72-DCB9-4190-BBC4-EFA97E0703C3}
		{1958FFE3-C8F0-487B-8312-4D42142EE1CA} = {E7C47C72-DCB9-4190-BBC4-EFA97E0703C3}
		{CB955E33-42F1-4D4B-9E07-92F33C27B854} = {E7C47C72-DCB9-4190-BBC4-EFA97E0703C3}
		{81BE3DE5-CE1B-4375-ACA3-953C45D19896} = {E7C47C72-DCB9-4190-BBC4-EFA97E0703C3}
		{015A7508-5670-4CCC-8469-62D00EFAB7E1} = {E7C47C72-DCB9-4190-BBC4-EFA97E0703C3}
		{0B15AAC8-1828-46AF-B714-9DC97FCB52A2} = {7CB742EF-4068-4C4B-85DC-085DE882051E}
		{312CC2EE-0024-4019-A8DD-2CB85F406497} = {0B15AAC8-1828-46AF-B714-9DC97FCB52A2}
		{A5454419-FAD9-4015-BF43-E810DB13CFEE} = {5C4FDAF1-AD9C-49C4-AC14-92F0D6861852}
		{F293058B-C248-4729-8FEC-A54128D9DAF7} = {5C4FDAF1-AD9C-49C4-AC14-92F0D6861852}
		{C9AFD4C7-10FE-4B99-8326-D7C71A33735C} = {5C4FDAF1-AD9C-49C4-AC14-92F0D6861852}
		{B7EB3979-AF85-42DC-A75A-E3A5EF0E39E2} = {E7C47C72-DCB9-4190-BBC4-EFA97E0703C3}
		{DACF8D8A-BFB2-4B6D-991F-8A93A58E9DEF} = {E7C47C72-DCB9-4190-BBC4-EFA97E0703C3}
		{E74A8BEE-8FDE-47AA-AA8F-836DA866DA9C} = {E7C47C72-DCB9-4190-BBC4-EFA97E0703C3}
	EndGlobalSection
	GlobalSection(ExtensibilityGlobals) = postSolution
		SolutionGuid = {2B4E32C9-1A72-412A-9F2A-7BEFBB4F2ABE}
	EndGlobalSection
EndGlobal
